
Microsoft Visual Studio Solution File, Format Version 12.00
# Visual Studio Version 16
VisualStudioVersion = 16.0.29613.14
MinimumVisualStudioVersion = 10.0.40219.1
Project("{FAE04EC0-301F-11D3-BF4B-00C04F79EFBC}") = "CepRefitJson", "CepRefitJson\CepRefitJson.csproj", "{9A82E55E-2FAA-4501-8D4F-EEAFF9FFB13C}"
EndProject
Global
	GlobalSection(SolutionConfigurationPlatforms) = preSolution
		Debug|Any CPU = Debug|Any CPU
		Release|Any CPU = Release|Any CPU
	EndGlobalSection
	GlobalSection(ProjectConfigurationPlatforms) = postSolution
		{9A82E55E-2FAA-4501-8D4F-EEAFF9FFB13C}.Debug|Any CPU.ActiveCfg = Debug|Any CPU
		{9A82E55E-2FAA-4501-8D4F-EEAFF9FFB13C}.Debug|Any CPU.Build.0 = Debug|Any CPU
		{9A82E55E-2FAA-4501-8D4F-EEAFF9FFB13C}.Release|Any CPU.ActiveCfg = Release|Any CPU
		{9A82E55E-2FAA-4501-8D4F-EEAFF9FFB13C}.Release|Any CPU.Build.0 = Release|Any CPU
	EndGlobalSection
	GlobalSection(SolutionProperties) = preSolution
		HideSolutionNode = FALSE
	EndGlobalSection
	GlobalSection(ExtensibilityGlobals) = postSolution
		SolutionGuid = {315047D6-601B-4E0A-A25F-04CE643B9362}
	EndGlobalSection
EndGlobal
